
Microsoft Visual Studio Solution File, Format Version 12.00
# Visual Studio 15
VisualStudioVersion = 15.0.27428.2037
MinimumVisualStudioVersion = 10.0.40219.1
Project("{FAE04EC0-301F-11D3-BF4B-00C04F79EFBC}") = "RadioPlay", "RadioPlay\RadioPlay.csproj", "{4D53FB7C-157F-443C-B0B5-03E1D5E598DD}"
EndProject
Global
	GlobalSection(SolutionConfigurationPlatforms) = preSolution
		Debug|Any CPU = Debug|Any CPU
		Release|Any CPU = Release|Any CPU
	EndGlobalSection
	GlobalSection(ProjectConfigurationPlatforms) = postSolution
		{4D53FB7C-157F-443C-B0B5-03E1D5E598DD}.Debug|Any CPU.ActiveCfg = Debug|Any CPU
		{4D53FB7C-157F-443C-B0B5-03E1D5E598DD}.Debug|Any CPU.Build.0 = Debug|Any CPU
		{4D53FB7C-157F-443C-B0B5-03E1D5E598DD}.Release|Any CPU.ActiveCfg = Release|Any CPU
		{4D53FB7C-157F-443C-B0B5-03E1D5E598DD}.Release|Any CPU.Build.0 = Release|Any CPU
	EndGlobalSection
	GlobalSection(SolutionProperties) = preSolution
		HideSolutionNode = FALSE
	EndGlobalSection
	GlobalSection(ExtensibilityGlobals) = postSolution
		SolutionGuid = {60503942-F18B-46C9-AA4F-3F98C902CA8D}
	EndGlobalSection
EndGlobal
